// !$*UTF8*$!
{
	archiveVersion = 1;
	classes = {
	};
	objectVersion = 50;
	objects = {

/* Begin PBXBuildFile section */
		BB82DDD6249A459200ED9F68 /* AppDelegate.swift in Sources */ = {isa = PBXBuildFile; fileRef = BB82DDD5249A459200ED9F68 /* AppDelegate.swift */; };
		BB82DDD8249A459200ED9F68 /* SceneDelegate.swift in Sources */ = {isa = PBXBuildFile; fileRef = BB82DDD7249A459200ED9F68 /* SceneDelegate.swift */; };
		BB82DDDB249A459200ED9F68 /* MasqWithSwiftUI.xcdatamodeld in Sources */ = {isa = PBXBuildFile; fileRef = BB82DDD9249A459200ED9F68 /* MasqWithSwiftUI.xcdatamodeld */; };
		BB82DDDD249A459200ED9F68 /* ContentView.swift in Sources */ = {isa = PBXBuildFile; fileRef = BB82DDDC249A459200ED9F68 /* ContentView.swift */; };
		BB82DDDF249A459800ED9F68 /* Assets.xcassets in Resources */ = {isa = PBXBuildFile; fileRef = BB82DDDE249A459800ED9F68 /* Assets.xcassets */; };
		BB82DDE2249A459800ED9F68 /* Preview Assets.xcassets in Resources */ = {isa = PBXBuildFile; fileRef = BB82DDE1249A459800ED9F68 /* Preview Assets.xcassets */; };
		BB82DDE5249A459800ED9F68 /* LaunchScreen.storyboard in Resources */ = {isa = PBXBuildFile; fileRef = BB82DDE3249A459800ED9F68 /* LaunchScreen.storyboard */; };
		BB82DDF2249A512300ED9F68 /* DiaryExtension.swift in Sources */ = {isa = PBXBuildFile; fileRef = BB82DDF1249A512300ED9F68 /* DiaryExtension.swift */; };
		BB82DDF9249B5ACD00ED9F68 /* EditorView.swift in Sources */ = {isa = PBXBuildFile; fileRef = BB82DDF8249B5ACD00ED9F68 /* EditorView.swift */; };
		BB82DDFD249B633500ED9F68 /* DateManager.swift in Sources */ = {isa = PBXBuildFile; fileRef = BB82DDFC249B633500ED9F68 /* DateManager.swift */; };
		BB884DB224A23CE2003F24B9 /* Test.swift in Sources */ = {isa = PBXBuildFile; fileRef = BB884DB124A23CE2003F24B9 /* Test.swift */; };
		BB884DB524A23F4F003F24B9 /* EditorViewController.swift in Sources */ = {isa = PBXBuildFile; fileRef = BB884DB424A23F4F003F24B9 /* EditorViewController.swift */; };
		BB884DB924A24694003F24B9 /* DiaryManager.swift in Sources */ = {isa = PBXBuildFile; fileRef = BB884DB824A24694003F24B9 /* DiaryManager.swift */; };
		BBD3948C249CA3AF003BAE51 /* LocationManager.swift in Sources */ = {isa = PBXBuildFile; fileRef = BBD3948B249CA3AF003BAE51 /* LocationManager.swift */; };
/* End PBXBuildFile section */

/* Begin PBXFileReference section */
		BB82DDD2249A459200ED9F68 /* MasqWithSwiftUI.app */ = {isa = PBXFileReference; explicitFileType = wrapper.application; includeInIndex = 0; path = MasqWithSwiftUI.app; sourceTree = BUILT_PRODUCTS_DIR; };
		BB82DDD5249A459200ED9F68 /* AppDelegate.swift */ = {isa = PBXFileReference; lastKnownFileType = sourcecode.swift; path = AppDelegate.swift; sourceTree = "<group>"; };
		BB82DDD7249A459200ED9F68 /* SceneDelegate.swift */ = {isa = PBXFileReference; lastKnownFileType = sourcecode.swift; path = SceneDelegate.swift; sourceTree = "<group>"; };
		BB82DDDA249A459200ED9F68 /* MasqWithSwiftUI.xcdatamodel */ = {isa = PBXFileReference; lastKnownFileType = wrapper.xcdatamodel; path = MasqWithSwiftUI.xcdatamodel; sourceTree = "<group>"; };
		BB82DDDC249A459200ED9F68 /* ContentView.swift */ = {isa = PBXFileReference; lastKnownFileType = sourcecode.swift; path = ContentView.swift; sourceTree = "<group>"; };
		BB82DDDE249A459800ED9F68 /* Assets.xcassets */ = {isa = PBXFileReference; lastKnownFileType = folder.assetcatalog; path = Assets.xcassets; sourceTree = "<group>"; };
		BB82DDE1249A459800ED9F68 /* Preview Assets.xcassets */ = {isa = PBXFileReference; lastKnownFileType = folder.assetcatalog; path = "Preview Assets.xcassets"; sourceTree = "<group>"; };
		BB82DDE4249A459800ED9F68 /* Base */ = {isa = PBXFileReference; lastKnownFileType = file.storyboard; name = Base; path = Base.lproj/LaunchScreen.storyboard; sourceTree = "<group>"; };
		BB82DDE6249A459800ED9F68 /* Info.plist */ = {isa = PBXFileReference; lastKnownFileType = text.plist.xml; path = Info.plist; sourceTree = "<group>"; };
		BB82DDF1249A512300ED9F68 /* DiaryExtension.swift */ = {isa = PBXFileReference; lastKnownFileType = sourcecode.swift; path = DiaryExtension.swift; sourceTree = "<group>"; };
		BB82DDF8249B5ACD00ED9F68 /* EditorView.swift */ = {isa = PBXFileReference; lastKnownFileType = sourcecode.swift; path = EditorView.swift; sourceTree = "<group>"; };
		BB82DDFC249B633500ED9F68 /* DateManager.swift */ = {isa = PBXFileReference; lastKnownFileType = sourcecode.swift; path = DateManager.swift; sourceTree = "<group>"; };
		BB884DB124A23CE2003F24B9 /* Test.swift */ = {isa = PBXFileReference; lastKnownFileType = sourcecode.swift; path = Test.swift; sourceTree = "<group>"; };
		BB884DB424A23F4F003F24B9 /* EditorViewController.swift */ = {isa = PBXFileReference; lastKnownFileType = sourcecode.swift; path = EditorViewController.swift; sourceTree = "<group>"; };
		BB884DB824A24694003F24B9 /* DiaryManager.swift */ = {isa = PBXFileReference; fileEncoding = 4; lastKnownFileType = sourcecode.swift; path = DiaryManager.swift; sourceTree = "<group>"; };
		BBD3948B249CA3AF003BAE51 /* LocationManager.swift */ = {isa = PBXFileReference; lastKnownFileType = sourcecode.swift; path = LocationManager.swift; sourceTree = "<group>"; };
/* End PBXFileReference section */

/* Begin PBXFrameworksBuildPhase section */
		BB82DDCF249A459200ED9F68 /* Frameworks */ = {
			isa = PBXFrameworksBuildPhase;
			buildActionMask = 2147483647;
			files = (
			);
			runOnlyForDeploymentPostprocessing = 0;
		};
/* End PBXFrameworksBuildPhase section */

/* Begin PBXGroup section */
		BB82DDC9249A459200ED9F68 = {
			isa = PBXGroup;
			children = (
				BB82DDD4249A459200ED9F68 /* MasqWithSwiftUI */,
				BB82DDD3249A459200ED9F68 /* Products */,
			);
			sourceTree = "<group>";
		};
		BB82DDD3249A459200ED9F68 /* Products */ = {
			isa = PBXGroup;
			children = (
				BB82DDD2249A459200ED9F68 /* MasqWithSwiftUI.app */,
			);
			name = Products;
			sourceTree = "<group>";
		};
		BB82DDD4249A459200ED9F68 /* MasqWithSwiftUI */ = {
			isa = PBXGroup;
			children = (
				BB884DB324A23ECE003F24B9 /* ViewController */,
				BB82DDF7249B5AB400ED9F68 /* View */,
				BB82DDF3249A53B100ED9F68 /* Commen */,
				BB82DDF0249A510F00ED9F68 /* Model */,
				BB82DDD5249A459200ED9F68 /* AppDelegate.swift */,
				BB82DDD7249A459200ED9F68 /* SceneDelegate.swift */,
				BB82DDDC249A459200ED9F68 /* ContentView.swift */,
				BB82DDDE249A459800ED9F68 /* Assets.xcassets */,
				BB82DDE3249A459800ED9F68 /* LaunchScreen.storyboard */,
				BB82DDE6249A459800ED9F68 /* Info.plist */,
				BB82DDD9249A459200ED9F68 /* MasqWithSwiftUI.xcdatamodeld */,
				BB82DDE0249A459800ED9F68 /* Preview Content */,
			);
			path = MasqWithSwiftUI;
			sourceTree = "<group>";
		};
		BB82DDE0249A459800ED9F68 /* Preview Content */ = {
			isa = PBXGroup;
			children = (
				BB82DDE1249A459800ED9F68 /* Preview Assets.xcassets */,
			);
			path = "Preview Content";
			sourceTree = "<group>";
		};
		BB82DDF0249A510F00ED9F68 /* Model */ = {
			isa = PBXGroup;
			children = (
				BB82DDF1249A512300ED9F68 /* DiaryExtension.swift */,
			);
			path = Model;
			sourceTree = "<group>";
		};
		BB82DDF3249A53B100ED9F68 /* Commen */ = {
			isa = PBXGroup;
			children = (
				BB884DB824A24694003F24B9 /* DiaryManager.swift */,
				BB82DDFC249B633500ED9F68 /* DateManager.swift */,
				BBD3948B249CA3AF003BAE51 /* LocationManager.swift */,
			);
			path = Commen;
			sourceTree = "<group>";
		};
		BB82DDF7249B5AB400ED9F68 /* View */ = {
			isa = PBXGroup;
			children = (
				BB82DDF8249B5ACD00ED9F68 /* EditorView.swift */,
				BB884DB124A23CE2003F24B9 /* Test.swift */,
			);
			path = View;
			sourceTree = "<group>";
		};
		BB884DB324A23ECE003F24B9 /* ViewController */ = {
			isa = PBXGroup;
			children = (
				BB884DB424A23F4F003F24B9 /* EditorViewController.swift */,
			);
			path = ViewController;
			sourceTree = "<group>";
		};
/* End PBXGroup section */

/* Begin PBXNativeTarget section */
		BB82DDD1249A459200ED9F68 /* MasqWithSwiftUI */ = {
			isa = PBXNativeTarget;
			buildConfigurationList = BB82DDE9249A459800ED9F68 /* Build configuration list for PBXNativeTarget "MasqWithSwiftUI" */;
			buildPhases = (
				BB82DDCE249A459200ED9F68 /* Sources */,
				BB82DDCF249A459200ED9F68 /* Frameworks */,
				BB82DDD0249A459200ED9F68 /* Resources */,
			);
			buildRules = (
			);
			dependencies = (
			);
			name = MasqWithSwiftUI;
			productName = MasqWithSwiftUI;
			productReference = BB82DDD2249A459200ED9F68 /* MasqWithSwiftUI.app */;
			productType = "com.apple.product-type.application";
		};
/* End PBXNativeTarget section */

/* Begin PBXProject section */
		BB82DDCA249A459200ED9F68 /* Project object */ = {
			isa = PBXProject;
			attributes = {
				LastSwiftUpdateCheck = 1150;
				LastUpgradeCheck = 1150;
				ORGANIZATIONNAME = "温蟾圆";
				TargetAttributes = {
					BB82DDD1249A459200ED9F68 = {
						CreatedOnToolsVersion = 11.5;
					};
				};
			};
			buildConfigurationList = BB82DDCD249A459200ED9F68 /* Build configuration list for PBXProject "MasqWithSwiftUI" */;
			compatibilityVersion = "Xcode 9.3";
			developmentRegion = en;
			hasScannedForEncodings = 0;
			knownRegions = (
				en,
				Base,
			);
			mainGroup = BB82DDC9249A459200ED9F68;
			productRefGroup = BB82DDD3249A459200ED9F68 /* Products */;
			projectDirPath = "";
			projectRoot = "";
			targets = (
				BB82DDD1249A459200ED9F68 /* MasqWithSwiftUI */,
			);
		};
/* End PBXProject section */

/* Begin PBXResourcesBuildPhase section */
		BB82DDD0249A459200ED9F68 /* Resources */ = {
			isa = PBXResourcesBuildPhase;
			buildActionMask = 2147483647;
			files = (
				BB82DDE5249A459800ED9F68 /* LaunchScreen.storyboard in Resources */,
				BB82DDE2249A459800ED9F68 /* Preview Assets.xcassets in Resources */,
				BB82DDDF249A459800ED9F68 /* Assets.xcassets in Resources */,
			);
			runOnlyForDeploymentPostprocessing = 0;
		};
/* End PBXResourcesBuildPhase section */

/* Begin PBXSourcesBuildPhase section */
		BB82DDCE249A459200ED9F68 /* Sources */ = {
			isa = PBXSourcesBuildPhase;
			buildActionMask = 2147483647;
			files = (
				BB82DDF2249A512300ED9F68 /* DiaryExtension.swift in Sources */,
				BB82DDD6249A459200ED9F68 /* AppDelegate.swift in Sources */,
				BB82DDDB249A459200ED9F68 /* MasqWithSwiftUI.xcdatamodeld in Sources */,
				BB82DDF9249B5ACD00ED9F68 /* EditorView.swift in Sources */,
				BB884DB524A23F4F003F24B9 /* EditorViewController.swift in Sources */,
				BB82DDDD249A459200ED9F68 /* ContentView.swift in Sources */,
				BBD3948C249CA3AF003BAE51 /* LocationManager.swift in Sources */,
				BB82DDFD249B633500ED9F68 /* DateManager.swift in Sources */,
				BB884DB224A23CE2003F24B9 /* Test.swift in Sources */,
				BB884DB924A24694003F24B9 /* DiaryManager.swift in Sources */,
				BB82DDD8249A459200ED9F68 /* SceneDelegate.swift in Sources */,
			);
			runOnlyForDeploymentPostprocessing = 0;
		};
/* End PBXSourcesBuildPhase section */

/* Begin PBXVariantGroup section */
		BB82DDE3249A459800ED9F68 /* LaunchScreen.storyboard */ = {
			isa = PBXVariantGroup;
			children = (
				BB82DDE4249A459800ED9F68 /* Base */,
			);
			name = LaunchScreen.storyboard;
			sourceTree = "<group>";
		};
/* End PBXVariantGroup section */

/* Begin XCBuildConfiguration section */
		BB82DDE7249A459800ED9F68 /* Debug */ = {
			isa = XCBuildConfiguration;
			buildSettings = {
				ALWAYS_SEARCH_USER_PATHS = NO;
				CLANG_ANALYZER_NONNULL = YES;
				CLANG_ANALYZER_NUMBER_OBJECT_CONVERSION = YES_AGGRESSIVE;
				CLANG_CXX_LANGUAGE_STANDARD = "gnu++14";
				CLANG_CXX_LIBRARY = "libc++";
				CLANG_ENABLE_MODULES = YES;
				CLANG_ENABLE_OBJC_ARC = YES;
				CLANG_ENABLE_OBJC_WEAK = YES;
				CLANG_WARN_BLOCK_CAPTURE_AUTORELEASING = YES;
				CLANG_WARN_BOOL_CONVERSION = YES;
				CLANG_WARN_COMMA = YES;
				CLANG_WARN_CONSTANT_CONVERSION = YES;
				CLANG_WARN_DEPRECATED_OBJC_IMPLEMENTATIONS = YES;
				CLANG_WARN_DIRECT_OBJC_ISA_USAGE = YES_ERROR;
				CLANG_WARN_DOCUMENTATION_COMMENTS = YES;
				CLANG_WARN_EMPTY_BODY = YES;
				CLANG_WARN_ENUM_CONVERSION = YES;
				CLANG_WARN_INFINITE_RECURSION = YES;
				CLANG_WARN_INT_CONVERSION = YES;
				CLANG_WARN_NON_LITERAL_NULL_CONVERSION = YES;
				CLANG_WARN_OBJC_IMPLICIT_RETAIN_SELF = YES;
				CLANG_WARN_OBJC_LITERAL_CONVERSION = YES;
				CLANG_WARN_OBJC_ROOT_CLASS = YES_ERROR;
				CLANG_WARN_RANGE_LOOP_ANALYSIS = YES;
				CLANG_WARN_STRICT_PROTOTYPES = YES;
				CLANG_WARN_SUSPICIOUS_MOVE = YES;
				CLANG_WARN_UNGUARDED_AVAILABILITY = YES_AGGRESSIVE;
				CLANG_WARN_UNREACHABLE_CODE = YES;
				CLANG_WARN__DUPLICATE_METHOD_MATCH = YES;
				COPY_PHASE_STRIP = NO;
				DEBUG_INFORMATION_FORMAT = dwarf;
				ENABLE_STRICT_OBJC_MSGSEND = YES;
				ENABLE_TESTABILITY = YES;
				GCC_C_LANGUAGE_STANDARD = gnu11;
				GCC_DYNAMIC_NO_PIC = NO;
				GCC_NO_COMMON_BLOCKS = YES;
				GCC_OPTIMIZATION_LEVEL = 0;
				GCC_PREPROCESSOR_DEFINITIONS = (
					"DEBUG=1",
					"$(inherited)",
				);
				GCC_WARN_64_TO_32_BIT_CONVERSION = YES;
				GCC_WARN_ABOUT_RETURN_TYPE = YES_ERROR;
				GCC_WARN_UNDECLARED_SELECTOR = YES;
				GCC_WARN_UNINITIALIZED_AUTOS = YES_AGGRESSIVE;
				GCC_WARN_UNUSED_FUNCTION = YES;
				GCC_WARN_UNUSED_VARIABLE = YES;
				IPHONEOS_DEPLOYMENT_TARGET = 13.5;
				MTL_ENABLE_DEBUG_INFO = INCLUDE_SOURCE;
				MTL_FAST_MATH = YES;
				ONLY_ACTIVE_ARCH = YES;
				SDKROOT = iphoneos;
				SWIFT_ACTIVE_COMPILATION_CONDITIONS = DEBUG;
				SWIFT_OPTIMIZATION_LEVEL = "-Onone";
			};
			name = Debug;
		};
		BB82DDE8249A459800ED9F68 /* Release */ = {
			isa = XCBuildConfiguration;
			buildSettings = {
				ALWAYS_SEARCH_USER_PATHS = NO;
				CLANG_ANALYZER_NONNULL = YES;
				CLANG_ANALYZER_NUMBER_OBJECT_CONVERSION = YES_AGGRESSIVE;
				CLANG_CXX_LANGUAGE_STANDARD = "gnu++14";
				CLANG_CXX_LIBRARY = "libc++";
				CLANG_ENABLE_MODULES = YES;
				CLANG_ENABLE_OBJC_ARC = YES;
				CLANG_ENABLE_OBJC_WEAK = YES;
				CLANG_WARN_BLOCK_CAPTURE_AUTORELEASING = YES;
				CLANG_WARN_BOOL_CONVERSION = YES;
				CLANG_WARN_COMMA = YES;
				CLANG_WARN_CONSTANT_CONVERSION = YES;
				CLANG_WARN_DEPRECATED_OBJC_IMPLEMENTATIONS = YES;
				CLANG_WARN_DIRECT_OBJC_ISA_USAGE = YES_ERROR;
				CLANG_WARN_DOCUMENTATION_COMMENTS = YES;
				CLANG_WARN_EMPTY_BODY = YES;
				CLANG_WARN_ENUM_CONVERSION = YES;
				CLANG_WARN_INFINITE_RECURSION = YES;
				CLANG_WARN_INT_CONVERSION = YES;
				CLANG_WARN_NON_LITERAL_NULL_CONVERSION = YES;
				CLANG_WARN_OBJC_IMPLICIT_RETAIN_SELF = YES;
				CLANG_WARN_OBJC_LITERAL_CONVERSION = YES;
				CLANG_WARN_OBJC_ROOT_CLASS = YES_ERROR;
				CLANG_WARN_RANGE_LOOP_ANALYSIS = YES;
				CLANG_WARN_STRICT_PROTOTYPES = YES;
				CLANG_WARN_SUSPICIOUS_MOVE = YES;
				CLANG_WARN_UNGUARDED_AVAILABILITY = YES_AGGRESSIVE;
				CLANG_WARN_UNREACHABLE_CODE = YES;
				CLANG_WARN__DUPLICATE_METHOD_MATCH = YES;
				COPY_PHASE_STRIP = NO;
				DEBUG_INFORMATION_FORMAT = "dwarf-with-dsym";
				ENABLE_NS_ASSERTIONS = NO;
				ENABLE_STRICT_OBJC_MSGSEND = YES;
				GCC_C_LANGUAGE_STANDARD = gnu11;
				GCC_NO_COMMON_BLOCKS = YES;
				GCC_WARN_64_TO_32_BIT_CONVERSION = YES;
				GCC_WARN_ABOUT_RETURN_TYPE = YES_ERROR;
				GCC_WARN_UNDECLARED_SELECTOR = YES;
				GCC_WARN_UNINITIALIZED_AUTOS = YES_AGGRESSIVE;
				GCC_WARN_UNUSED_FUNCTION = YES;
				GCC_WARN_UNUSED_VARIABLE = YES;
				IPHONEOS_DEPLOYMENT_TARGET = 13.5;
				MTL_ENABLE_DEBUG_INFO = NO;
				MTL_FAST_MATH = YES;
				SDKROOT = iphoneos;
				SWIFT_COMPILATION_MODE = wholemodule;
				SWIFT_OPTIMIZATION_LEVEL = "-O";
				VALIDATE_PRODUCT = YES;
			};
			name = Release;
		};
		BB82DDEA249A459800ED9F68 /* Debug */ = {
			isa = XCBuildConfiguration;
			buildSettings = {
				ASSETCATALOG_COMPILER_APPICON_NAME = AppIcon;
				CODE_SIGN_STYLE = Automatic;
				DEVELOPMENT_ASSET_PATHS = "\"MasqWithSwiftUI/Preview Content\"";
				DEVELOPMENT_TEAM = 3T6R6APYLA;
				ENABLE_PREVIEWS = YES;
				INFOPLIST_FILE = MasqWithSwiftUI/Info.plist;
				LD_RUNPATH_SEARCH_PATHS = (
					"$(inherited)",
					"@executable_path/Frameworks",
				);
				PRODUCT_BUNDLE_IDENTIFIER = wenchanyuan.MasqWithSwiftUI;
				PRODUCT_NAME = "$(TARGET_NAME)";
				SWIFT_VERSION = 5.0;
				TARGETED_DEVICE_FAMILY = "1,2";
			};
			name = Debug;
		};
		BB82DDEB249A459800ED9F68 /* Release */ = {
			isa = XCBuildConfiguration;
			buildSettings = {
				ASSETCATALOG_COMPILER_APPICON_NAME = AppIcon;
				CODE_SIGN_STYLE = Automatic;
				DEVELOPMENT_ASSET_PATHS = "\"MasqWithSwiftUI/Preview Content\"";
				DEVELOPMENT_TEAM = 3T6R6APYLA;
				ENABLE_PREVIEWS = YES;
				INFOPLIST_FILE = MasqWithSwiftUI/Info.plist;
				LD_RUNPATH_SEARCH_PATHS = (
					"$(inherited)",
					"@executable_path/Frameworks",
				);
				PRODUCT_BUNDLE_IDENTIFIER = wenchanyuan.MasqWithSwiftUI;
				PRODUCT_NAME = "$(TARGET_NAME)";
				SWIFT_VERSION = 5.0;
				TARGETED_DEVICE_FAMILY = "1,2";
			};
			name = Release;
		};
/* End XCBuildConfiguration section */

/* Begin XCConfigurationList section */
		BB82DDCD249A459200ED9F68 /* Build configuration list for PBXProject "MasqWithSwiftUI" */ = {
			isa = XCConfigurationList;
			buildConfigurations = (
				BB82DDE7249A459800ED9F68 /* Debug */,
				BB82DDE8249A459800ED9F68 /* Release */,
			);
			defaultConfigurationIsVisible = 0;
			defaultConfigurationName = Release;
		};
		BB82DDE9249A459800ED9F68 /* Build configuration list for PBXNativeTarget "MasqWithSwiftUI" */ = {
			isa = XCConfigurationList;
			buildConfigurations = (
				BB82DDEA249A459800ED9F68 /* Debug */,
				BB82DDEB249A459800ED9F68 /* Release */,
			);
			defaultConfigurationIsVisible = 0;
			defaultConfigurationName = Release;
		};
/* End XCConfigurationList section */

/* Begin XCVersionGroup section */
		BB82DDD9249A459200ED9F68 /* MasqWithSwiftUI.xcdatamodeld */ = {
			isa = XCVersionGroup;
			children = (
				BB82DDDA249A459200ED9F68 /* MasqWithSwiftUI.xcdatamodel */,
			);
			currentVersion = BB82DDDA249A459200ED9F68 /* MasqWithSwiftUI.xcdatamodel */;
			path = MasqWithSwiftUI.xcdatamodeld;
			sourceTree = "<group>";
			usesTabs = 0;
			versionGroupType = wrapper.xcdatamodel;
		};
/* End XCVersionGroup section */
	};
	rootObject = BB82DDCA249A459200ED9F68 /* Project object */;
}
